
Microsoft Visual Studio Solution File, Format Version 12.00
# Visual Studio 15
VisualStudioVersion = 15.0.27703.2000
MinimumVisualStudioVersion = 10.0.40219.1
Project("{FAE04EC0-301F-11D3-BF4B-00C04F79EFBC}") = "AutoCompleteTextViewSample", "AutoCompleteTextViewSample\AutoCompleteTextViewSample.csproj", "{4243D221-EEC4-448B-BFB7-35A2EDED39BE}"
EndProject
Global
	GlobalSection(SolutionConfigurationPlatforms) = preSolution
		Debug|Any CPU = Debug|Any CPU
		Release|Any CPU = Release|Any CPU
	EndGlobalSection
	GlobalSection(ProjectConfigurationPlatforms) = postSolution
		{4243D221-EEC4-448B-BFB7-35A2EDED39BE}.Debug|Any CPU.ActiveCfg = Debug|Any CPU
		{4243D221-EEC4-448B-BFB7-35A2EDED39BE}.Debug|Any CPU.Build.0 = Debug|Any CPU
		{4243D221-EEC4-448B-BFB7-35A2EDED39BE}.Debug|Any CPU.Deploy.0 = Debug|Any CPU
		{4243D221-EEC4-448B-BFB7-35A2EDED39BE}.Release|Any CPU.ActiveCfg = Release|Any CPU
		{4243D221-EEC4-448B-BFB7-35A2EDED39BE}.Release|Any CPU.Build.0 = Release|Any CPU
		{4243D221-EEC4-448B-BFB7-35A2EDED39BE}.Release|Any CPU.Deploy.0 = Release|Any CPU
	EndGlobalSection
	GlobalSection(SolutionProperties) = preSolution
		HideSolutionNode = FALSE
	EndGlobalSection
	GlobalSection(ExtensibilityGlobals) = postSolution
		SolutionGuid = {A5585F7C-041F-400B-A363-F2A07B89D5D7}
	EndGlobalSection
EndGlobal
